
Microsoft Visual Studio Solution File, Format Version 12.00
# Visual Studio Version 17
VisualStudioVersion = 17.5.33424.131
MinimumVisualStudioVersion = 10.0.40219.1
Project("{FAE04EC0-301F-11D3-BF4B-00C04F79EFBC}") = "HPSocketDemo", "HPSocketDemo\HPSocketDemo.csproj", "{80138C99-EC03-4E96-A88E-50988E1CAA1E}"
EndProject
Global
	GlobalSection(SolutionConfigurationPlatforms) = preSolution
		Debug|Any CPU = Debug|Any CPU
		Release|Any CPU = Release|Any CPU
	EndGlobalSection
	GlobalSection(ProjectConfigurationPlatforms) = postSolution
		{80138C99-EC03-4E96-A88E-50988E1CAA1E}.Debug|Any CPU.ActiveCfg = Debug|Any CPU
		{80138C99-EC03-4E96-A88E-50988E1CAA1E}.Debug|Any CPU.Build.0 = Debug|Any CPU
		{80138C99-EC03-4E96-A88E-50988E1CAA1E}.Release|Any CPU.ActiveCfg = Release|Any CPU
		{80138C99-EC03-4E96-A88E-50988E1CAA1E}.Release|Any CPU.Build.0 = Release|Any CPU
	EndGlobalSection
	GlobalSection(SolutionProperties) = preSolution
		HideSolutionNode = FALSE
	EndGlobalSection
	GlobalSection(ExtensibilityGlobals) = postSolution
		SolutionGuid = {39C347FC-49F0-459B-A094-B7CBAE3C8AF3}
	EndGlobalSection
EndGlobal
